
Microsoft Visual Studio Solution File, Format Version 12.00
Project("{FAE04EC0-301F-11D3-BF4B-00C04F79EFBC}") = "Collections", "Collections\Collections.csproj", "{2C60BF61-2444-48F2-ADF2-468BF3A0BB28}"
EndProject
Global
	GlobalSection(SolutionConfigurationPlatforms) = preSolution
		Debug|Any CPU = Debug|Any CPU
		Release|Any CPU = Release|Any CPU
	EndGlobalSection
	GlobalSection(ProjectConfigurationPlatforms) = postSolution
		{2C60BF61-2444-48F2-ADF2-468BF3A0BB28}.Debug|Any CPU.ActiveCfg = Debug|Any CPU
		{2C60BF61-2444-48F2-ADF2-468BF3A0BB28}.Debug|Any CPU.Build.0 = Debug|Any CPU
		{2C60BF61-2444-48F2-ADF2-468BF3A0BB28}.Release|Any CPU.ActiveCfg = Release|Any CPU
		{2C60BF61-2444-48F2-ADF2-468BF3A0BB28}.Release|Any CPU.Build.0 = Release|Any CPU
	EndGlobalSection
EndGlobal
