
Microsoft Visual Studio Solution File, Format Version 12.00
Project("{FAE04EC0-301F-11D3-BF4B-00C04F79EFBC}") = "AspNetCore Mvc", "AspNetCore Mvc\AspNetCore Mvc.csproj", "{DEDADA7F-2AD5-4100-BEBE-470DF8168218}"
EndProject
Global
	GlobalSection(SolutionConfigurationPlatforms) = preSolution
		Debug|Any CPU = Debug|Any CPU
		Release|Any CPU = Release|Any CPU
	EndGlobalSection
	GlobalSection(ProjectConfigurationPlatforms) = postSolution
		{DEDADA7F-2AD5-4100-BEBE-470DF8168218}.Debug|Any CPU.ActiveCfg = Debug|Any CPU
		{DEDADA7F-2AD5-4100-BEBE-470DF8168218}.Debug|Any CPU.Build.0 = Debug|Any CPU
		{DEDADA7F-2AD5-4100-BEBE-470DF8168218}.Release|Any CPU.ActiveCfg = Release|Any CPU
		{DEDADA7F-2AD5-4100-BEBE-470DF8168218}.Release|Any CPU.Build.0 = Release|Any CPU
	EndGlobalSection
EndGlobal
