
Microsoft Visual Studio Solution File, Format Version 12.00
Project("{FAE04EC0-301F-11D3-BF4B-00C04F79EFBC}") = "MethodHiding", "MethodHiding\MethodHiding.csproj", "{6A6A004D-0A20-4143-9369-076FCE5610F0}"
EndProject
Project("{FAE04EC0-301F-11D3-BF4B-00C04F79EFBC}") = "Overloading-Overriding", "Overloading-Overriding\Overloading-Overriding.csproj", "{35CC8A9C-3241-435C-98E0-4A0D780F51C1}"
EndProject
Project("{FAE04EC0-301F-11D3-BF4B-00C04F79EFBC}") = "Strings", "Strings\Strings.csproj", "{7A4CE51D-9906-4D4F-AE57-4A21B0B975E9}"
EndProject
Project("{FAE04EC0-301F-11D3-BF4B-00C04F79EFBC}") = "HashTables", "HashTables\HashTables.csproj", "{D8C0C105-02C9-4758-B37F-0AD0B6745AC0}"
EndProject
Project("{FAE04EC0-301F-11D3-BF4B-00C04F79EFBC}") = "MaxThreeResult", "MaxThreeResult\MaxThreeResult.csproj", "{4B864255-FA58-4CAC-8508-E800E737BDF7}"
EndProject
Global
	GlobalSection(SolutionConfigurationPlatforms) = preSolution
		Debug|Any CPU = Debug|Any CPU
		Release|Any CPU = Release|Any CPU
	EndGlobalSection
	GlobalSection(ProjectConfigurationPlatforms) = postSolution
		{6A6A004D-0A20-4143-9369-076FCE5610F0}.Debug|Any CPU.ActiveCfg = Debug|Any CPU
		{6A6A004D-0A20-4143-9369-076FCE5610F0}.Debug|Any CPU.Build.0 = Debug|Any CPU
		{6A6A004D-0A20-4143-9369-076FCE5610F0}.Release|Any CPU.ActiveCfg = Release|Any CPU
		{6A6A004D-0A20-4143-9369-076FCE5610F0}.Release|Any CPU.Build.0 = Release|Any CPU
		{35CC8A9C-3241-435C-98E0-4A0D780F51C1}.Debug|Any CPU.ActiveCfg = Debug|Any CPU
		{35CC8A9C-3241-435C-98E0-4A0D780F51C1}.Debug|Any CPU.Build.0 = Debug|Any CPU
		{35CC8A9C-3241-435C-98E0-4A0D780F51C1}.Release|Any CPU.ActiveCfg = Release|Any CPU
		{35CC8A9C-3241-435C-98E0-4A0D780F51C1}.Release|Any CPU.Build.0 = Release|Any CPU
		{7A4CE51D-9906-4D4F-AE57-4A21B0B975E9}.Debug|Any CPU.ActiveCfg = Debug|Any CPU
		{7A4CE51D-9906-4D4F-AE57-4A21B0B975E9}.Debug|Any CPU.Build.0 = Debug|Any CPU
		{7A4CE51D-9906-4D4F-AE57-4A21B0B975E9}.Release|Any CPU.ActiveCfg = Release|Any CPU
		{7A4CE51D-9906-4D4F-AE57-4A21B0B975E9}.Release|Any CPU.Build.0 = Release|Any CPU
		{D8C0C105-02C9-4758-B37F-0AD0B6745AC0}.Debug|Any CPU.ActiveCfg = Debug|Any CPU
		{D8C0C105-02C9-4758-B37F-0AD0B6745AC0}.Debug|Any CPU.Build.0 = Debug|Any CPU
		{D8C0C105-02C9-4758-B37F-0AD0B6745AC0}.Release|Any CPU.ActiveCfg = Release|Any CPU
		{D8C0C105-02C9-4758-B37F-0AD0B6745AC0}.Release|Any CPU.Build.0 = Release|Any CPU
		{4B864255-FA58-4CAC-8508-E800E737BDF7}.Debug|Any CPU.ActiveCfg = Debug|Any CPU
		{4B864255-FA58-4CAC-8508-E800E737BDF7}.Debug|Any CPU.Build.0 = Debug|Any CPU
		{4B864255-FA58-4CAC-8508-E800E737BDF7}.Release|Any CPU.ActiveCfg = Release|Any CPU
		{4B864255-FA58-4CAC-8508-E800E737BDF7}.Release|Any CPU.Build.0 = Release|Any CPU
	EndGlobalSection
EndGlobal
